
Microsoft Visual Studio Solution File, Format Version 11.00
# Visual Studio 2010
Project("{FAE04EC0-301F-11D3-BF4B-00C04F79EFBC}") = "DayZCommander", "Dotjosh.DayZCommander\DayZCommander.csproj", "{36618D6C-4E4A-49D9-AF1C-120D47D84CB9}"
EndProject
Project("{FAE04EC0-301F-11D3-BF4B-00C04F79EFBC}") = "Dotjosh.DayZCommander.Tests", "Dotjosh.DayZCommander.Tests\Dotjosh.DayZCommander.Tests.csproj", "{03E9A78A-A8B8-42E5-B854-F6D619AE84AB}"
EndProject
Global
	GlobalSection(SolutionConfigurationPlatforms) = preSolution
		Debug|x86 = Debug|x86
		Release|x86 = Release|x86
	EndGlobalSection
	GlobalSection(ProjectConfigurationPlatforms) = postSolution
		{36618D6C-4E4A-49D9-AF1C-120D47D84CB9}.Debug|x86.ActiveCfg = Debug|x86
		{36618D6C-4E4A-49D9-AF1C-120D47D84CB9}.Debug|x86.Build.0 = Debug|x86
		{36618D6C-4E4A-49D9-AF1C-120D47D84CB9}.Release|x86.ActiveCfg = Release|x86
		{36618D6C-4E4A-49D9-AF1C-120D47D84CB9}.Release|x86.Build.0 = Release|x86
		{03E9A78A-A8B8-42E5-B854-F6D619AE84AB}.Debug|x86.ActiveCfg = Debug|x86
		{03E9A78A-A8B8-42E5-B854-F6D619AE84AB}.Debug|x86.Build.0 = Debug|x86
		{03E9A78A-A8B8-42E5-B854-F6D619AE84AB}.Release|x86.ActiveCfg = Release|x86
		{03E9A78A-A8B8-42E5-B854-F6D619AE84AB}.Release|x86.Build.0 = Release|x86
	EndGlobalSection
	GlobalSection(SolutionProperties) = preSolution
		HideSolutionNode = FALSE
	EndGlobalSection
EndGlobal
